
Microsoft Visual Studio Solution File, Format Version 12.00
# Visual Studio 2012
Project("{FAE04EC0-301F-11D3-BF4B-00C04F79EFBC}") = "WService_ConceptTest_Client", "WService_ConceptTest_Client\WService_ConceptTest_Client.csproj", "{59A69009-D8EC-42EE-A250-7E3B2C1E746D}"
EndProject
Global
	GlobalSection(SolutionConfigurationPlatforms) = preSolution
		Debug|Any CPU = Debug|Any CPU
		Release|Any CPU = Release|Any CPU
	EndGlobalSection
	GlobalSection(ProjectConfigurationPlatforms) = postSolution
		{59A69009-D8EC-42EE-A250-7E3B2C1E746D}.Debug|Any CPU.ActiveCfg = Debug|Any CPU
		{59A69009-D8EC-42EE-A250-7E3B2C1E746D}.Debug|Any CPU.Build.0 = Debug|Any CPU
		{59A69009-D8EC-42EE-A250-7E3B2C1E746D}.Release|Any CPU.ActiveCfg = Release|Any CPU
		{59A69009-D8EC-42EE-A250-7E3B2C1E746D}.Release|Any CPU.Build.0 = Release|Any CPU
	EndGlobalSection
	GlobalSection(SolutionProperties) = preSolution
		HideSolutionNode = FALSE
	EndGlobalSection
EndGlobal
